# Generated by pub
# See https://dart.dev/tools/pub/glossary#lockfile
packages:
  _flutterfire_internals:
    dependency: transitive
    description:
      name: _flutterfire_internals
      sha256: de9ecbb3ddafd446095f7e833c853aff2fa1682b017921fe63a833f9d6f0e422
      url: "https://pub.dev"
    source: hosted
    version: "1.3.54"
  archive:
    dependency: "direct main"
    description:
      name: archive
      sha256: a96e8b390886ee8abb49b7bd3ac8df6f451c621619f52a26e815fdcf568959ff
      url: "https://pub.dev"
    source: hosted
    version: "4.0.9"
  async:
    dependency: transitive
    description:
      name: async
      sha256: d2872f9c19731c2e5f10444b14686eb7cc85c76274bd6c16e1816bff9a3bab63
      url: "https://pub.dev"
    source: hosted
    version: "2.12.0"
  audioplayers:
    dependency: "direct main"
    description:
      name: audioplayers
      sha256: a72dd459d1a48f61a6fb9c0134dba26597c9236af40639ff0eb70eb4e0baab70
      url: "https://pub.dev"
    source: hosted
    version: "6.6.0"
  audioplayers_android:
    dependency: transitive
    description:
      name: audioplayers_android
      sha256: "60a6728277228413a85755bd3ffd6fab98f6555608923813ce383b190a360605"
      url: "https://pub.dev"
    source: hosted
    version: "5.2.1"
  audioplayers_darwin:
    dependency: transitive
    description:
      name: audioplayers_darwin
      sha256: c994b3bb3a921e4904ac40e013fbc94488e824fd7c1de6326f549943b0b44a91
      url: "https://pub.dev"
    source: hosted
    version: "6.4.0"
  audioplayers_linux:
    dependency: transitive
    description:
      name: audioplayers_linux
      sha256: f75bce1ce864170ef5e6a2c6a61cd3339e1a17ce11e99a25bae4474ea491d001
      url: "https://pub.dev"
    source: hosted
    version: "4.2.1"
  audioplayers_platform_interface:
    dependency: transitive
    description:
      name: audioplayers_platform_interface
      sha256: "0e2f6a919ab56d0fec272e801abc07b26ae7f31980f912f24af4748763e5a656"
      url: "https://pub.dev"
    source: hosted
    version: "7.1.1"
  audioplayers_web:
    dependency: transitive
    description:
      name: audioplayers_web
      sha256: faa8fa6587f996a6f604433b53af44c57a1407d4fe8dff5766cf63d6875e8de9
      url: "https://pub.dev"
    source: hosted
    version: "5.2.0"
  audioplayers_windows:
    dependency: transitive
    description:
      name: audioplayers_windows
      sha256: bafff2b38b6f6d331887558ba6e0a01c9c208d9dbb3ad0005234db065122a734
      url: "https://pub.dev"
    source: hosted
    version: "4.3.0"
  boolean_selector:
    dependency: transitive
    description:
      name: boolean_selector
      sha256: "8aab1771e1243a5063b8b0ff68042d67334e3feab9e95b9490f9a6ebf73b42ea"
      url: "https://pub.dev"
    source: hosted
    version: "2.1.2"
  camera:
    dependency: "direct main"
    description:
      name: camera
      sha256: "413d2b34fe28496c35c69ede5b232fb9dd5ca2c3a4cb606b14efc1c7546cc8cb"
      url: "https://pub.dev"
    source: hosted
    version: "0.11.1"
  camera_android_camerax:
    dependency: transitive
    description:
      name: camera_android_camerax
      sha256: f0dcbce91623f75030840609de9b64d0d73f86df279c6e9588c1501245a05eb2
      url: "https://pub.dev"
    source: hosted
    version: "0.6.15+2"
  camera_avfoundation:
    dependency: transitive
    description:
      name: camera_avfoundation
      sha256: a33cd9a250296271cdf556891b7c0986a93772426f286595eccd5f45b185933c
      url: "https://pub.dev"
    source: hosted
    version: "0.9.18+14"
  camera_platform_interface:
    dependency: transitive
    description:
      name: camera_platform_interface
      sha256: "2f757024a48696ff4814a789b0bd90f5660c0fb25f393ab4564fb483327930e2"
      url: "https://pub.dev"
    source: hosted
    version: "2.10.0"
  camera_web:
    dependency: transitive
    description:
      name: camera_web
      sha256: "595f28c89d1fb62d77c73c633193755b781c6d2e0ebcd8dc25b763b514e6ba8f"
      url: "https://pub.dev"
    source: hosted
    version: "0.3.5"
  characters:
    dependency: transitive
    description:
      name: characters
      sha256: faf38497bda5ead2a8c7615f4f7939df04333478bf32e4173fcb06d428b5716b
      url: "https://pub.dev"
    source: hosted
    version: "1.4.1"
  clipboard:
    dependency: "direct main"
    description:
      name: clipboard
      sha256: "2ec38f0e59878008ceca0ab122e4bfde98847f88ef0f83331362ba4521f565a9"
      url: "https://pub.dev"
    source: hosted
    version: "0.1.3"
  clock:
    dependency: transitive
    description:
      name: clock
      sha256: fddb70d9b5277016c77a80201021d40a2247104d9f4aa7bab7157b7e3f05b84b
      url: "https://pub.dev"
    source: hosted
    version: "1.1.2"
  cloud_firestore:
    dependency: "direct main"
    description:
      name: cloud_firestore
      sha256: "89a5e32716794b6a8d0ec1b5dfda988194e92daedaa3f3bed66fa0d0a595252e"
      url: "https://pub.dev"
    source: hosted
    version: "5.6.6"
  cloud_firestore_platform_interface:
    dependency: transitive
    description:
      name: cloud_firestore_platform_interface
      sha256: "9f012844eb59be6827ed97415875c5a29ccacd28bc79bf85b4680738251a33df"
      url: "https://pub.dev"
    source: hosted
    version: "6.6.6"
  cloud_firestore_web:
    dependency: transitive
    description:
      name: cloud_firestore_web
      sha256: b8b754269be0e907acd9ff63ad60f66b84c78d330ca1d7e474f86c9527ddc803
      url: "https://pub.dev"
    source: hosted
    version: "4.4.6"
  collection:
    dependency: transitive
    description:
      name: collection
      sha256: "2f5709ae4d3d59dd8f7cd309b4e023046b57d8a6c82130785d2b0e5868084e76"
      url: "https://pub.dev"
    source: hosted
    version: "1.19.1"
  cross_file:
    dependency: transitive
    description:
      name: cross_file
      sha256: "7caf6a750a0c04effbb52a676dce9a4a592e10ad35c34d6d2d0e4811160d5670"
      url: "https://pub.dev"
    source: hosted
    version: "0.3.4+2"
  crypto:
    dependency: transitive
    description:
      name: crypto
      sha256: "1e445881f28f22d6140f181e07737b22f1e099a5e1ff94b0af2f9e4a463f4855"
      url: "https://pub.dev"
    source: hosted
    version: "3.0.6"
  cupertino_icons:
    dependency: "direct main"
    description:
      name: cupertino_icons
      sha256: ba631d1c7f7bef6b729a622b7b752645a2d076dba9976925b8f25725a30e1ee6
      url: "https://pub.dev"
    source: hosted
    version: "1.0.8"
  fake_async:
    dependency: transitive
    description:
      name: fake_async
      sha256: "5368f224a74523e8d2e7399ea1638b37aecfca824a3cc4dfdf77bf1fa905ac44"
      url: "https://pub.dev"
    source: hosted
    version: "1.3.3"
  ffi:
    dependency: transitive
    description:
      name: ffi
      sha256: "289279317b4b16eb2bb7e271abccd4bf84ec9bdcbe999e278a94b804f5630418"
      url: "https://pub.dev"
    source: hosted
    version: "2.1.4"
  file:
    dependency: transitive
    description:
      name: file
      sha256: a3b4f84adafef897088c160faf7dfffb7696046cb13ae90b508c2cbc95d3b8d4
      url: "https://pub.dev"
    source: hosted
    version: "7.0.1"
  file_selector_linux:
    dependency: transitive
    description:
      name: file_selector_linux
      sha256: "54cbbd957e1156d29548c7d9b9ec0c0ebb6de0a90452198683a7d23aed617a33"
      url: "https://pub.dev"
    source: hosted
    version: "0.9.3+2"
  file_selector_macos:
    dependency: transitive
    description:
      name: file_selector_macos
      sha256: "271ab9986df0c135d45c3cdb6bd0faa5db6f4976d3e4b437cf7d0f258d941bfc"
      url: "https://pub.dev"
    source: hosted
    version: "0.9.4+2"
  file_selector_platform_interface:
    dependency: transitive
    description:
      name: file_selector_platform_interface
      sha256: a3994c26f10378a039faa11de174d7b78eb8f79e4dd0af2a451410c1a5c3f66b
      url: "https://pub.dev"
    source: hosted
    version: "2.6.2"
  file_selector_windows:
    dependency: transitive
    description:
      name: file_selector_windows
      sha256: "320fcfb6f33caa90f0b58380489fc5ac05d99ee94b61aa96ec2bff0ba81d3c2b"
      url: "https://pub.dev"
    source: hosted
    version: "0.9.3+4"
  firebase_auth:
    dependency: "direct main"
    description:
      name: firebase_auth
      sha256: "54c62b2d187709114dd09ce658a8803ee91f9119b0e0d3fc2245130ad9bff9ad"
      url: "https://pub.dev"
    source: hosted
    version: "5.5.2"
  firebase_auth_platform_interface:
    dependency: transitive
    description:
      name: firebase_auth_platform_interface
      sha256: "5402d13f4bb7f29f2fb819f3b6b5a5a56c9f714aef2276546d397e25ac1b6b8e"
      url: "https://pub.dev"
    source: hosted
    version: "7.6.2"
  firebase_auth_web:
    dependency: transitive
    description:
      name: firebase_auth_web
      sha256: "2be496911f0807895d5fe8067b70b7d758142dd7fb26485cbe23e525e2547764"
      url: "https://pub.dev"
    source: hosted
    version: "5.14.2"
  firebase_core:
    dependency: "direct main"
    description:
      name: firebase_core
      sha256: "017d17d9915670e6117497e640b2859e0b868026ea36bf3a57feb28c3b97debe"
      url: "https://pub.dev"
    source: hosted
    version: "3.13.0"
  firebase_core_platform_interface:
    dependency: transitive
    description:
      name: firebase_core_platform_interface
      sha256: d7253d255ff10f85cfd2adaba9ac17bae878fa3ba577462451163bd9f1d1f0bf
      url: "https://pub.dev"
    source: hosted
    version: "5.4.0"
  firebase_core_web:
    dependency: transitive
    description:
      name: firebase_core_web
      sha256: "129a34d1e0fb62e2b488d988a1fc26cc15636357e50944ffee2862efe8929b23"
      url: "https://pub.dev"
    source: hosted
    version: "2.22.0"
  fixnum:
    dependency: transitive
    description:
      name: fixnum
      sha256: b6dc7065e46c974bc7c5f143080a6764ec7a4be6da1285ececdc37be96de53be
      url: "https://pub.dev"
    source: hosted
    version: "1.1.1"
  flutter:
    dependency: "direct main"
    description: flutter
    source: sdk
    version: "0.0.0"
  flutter_lints:
    dependency: "direct dev"
    description:
      name: flutter_lints
      sha256: "5398f14efa795ffb7a33e9b6a08798b26a180edac4ad7db3f231e40f82ce11e1"
      url: "https://pub.dev"
    source: hosted
    version: "5.0.0"
  flutter_plugin_android_lifecycle:
    dependency: transitive
    description:
      name: flutter_plugin_android_lifecycle
      sha256: f948e346c12f8d5480d2825e03de228d0eb8c3a737e4cdaa122267b89c022b5e
      url: "https://pub.dev"
    source: hosted
    version: "2.0.28"
  flutter_tesseract_ocr:
    dependency: "direct main"
    description:
      name: flutter_tesseract_ocr
      sha256: e368f70d6b942e42ff05336d65f031bfca98002f9bf8988c485bbf87e990870c
      url: "https://pub.dev"
    source: hosted
    version: "0.4.30"
  flutter_test:
    dependency: "direct dev"
    description: flutter
    source: sdk
    version: "0.0.0"
  flutter_tts:
    dependency: "direct main"
    description:
      name: flutter_tts
      sha256: ce5eb209b40e95f2f4a1397116c87ab2fcdff32257d04ed7a764e75894c03775
      url: "https://pub.dev"
    source: hosted
    version: "4.2.5"
  flutter_web_plugins:
    dependency: transitive
    description: flutter
    source: sdk
    version: "0.0.0"
  google_ml_kit:
    dependency: "direct main"
    description:
      name: google_ml_kit
      sha256: a2da12a62353a6cad71534b52ada3af14a5b842e6c9b1014ce4d243652b30f4b
      url: "https://pub.dev"
    source: hosted
    version: "0.20.0"
  google_mlkit_barcode_scanning:
    dependency: transitive
    description:
      name: google_mlkit_barcode_scanning
      sha256: b38505df2d3fdf7830979d60fee55039c2f442d189b2e06fcb2fe494ba65d0db
      url: "https://pub.dev"
    source: hosted
    version: "0.14.1"
  google_mlkit_commons:
    dependency: transitive
    description:
      name: google_mlkit_commons
      sha256: "8f40fbac10685cad4715d11e6a0d86837d9ad7168684dfcad29610282a88e67a"
      url: "https://pub.dev"
    source: hosted
    version: "0.11.0"
  google_mlkit_digital_ink_recognition:
    dependency: transitive
    description:
      name: google_mlkit_digital_ink_recognition
      sha256: "8d2b89401bdeeba97158377167429dbc5cb339ebbd21e0889dca773f1c79a884"
      url: "https://pub.dev"
    source: hosted
    version: "0.14.1"
  google_mlkit_entity_extraction:
    dependency: transitive
    description:
      name: google_mlkit_entity_extraction
      sha256: "145bc26422b7e62d50cc4eca1ac394d13ac6a97e4c09b8baf7ff058b64d2f9cc"
      url: "https://pub.dev"
    source: hosted
    version: "0.15.1"
  google_mlkit_face_detection:
    dependency: transitive
    description:
      name: google_mlkit_face_detection
      sha256: f336737d5b8a86797fd4368f42a5c26aeaa9c6dcc5243f0a16b5f6f663cfb70a
      url: "https://pub.dev"
    source: hosted
    version: "0.13.1"
  google_mlkit_face_mesh_detection:
    dependency: transitive
    description:
      name: google_mlkit_face_mesh_detection
      sha256: "3683daed2463d9631c7f01b31bfc40d22a1fd4c0392d82a24ce275af06bc811f"
      url: "https://pub.dev"
    source: hosted
    version: "0.4.1"
  google_mlkit_image_labeling:
    dependency: transitive
    description:
      name: google_mlkit_image_labeling
      sha256: "2cac5f7a02dcc23cd3357f89bf1a79df793ae3afce5035a896de467ffa0192e8"
      url: "https://pub.dev"
    source: hosted
    version: "0.14.1"
  google_mlkit_language_id:
    dependency: transitive
    description:
      name: google_mlkit_language_id
      sha256: fc57bca69cb1dcd8ef67b929f0315e9a8baa80c03c75f7a1226becd7ad2529ff
      url: "https://pub.dev"
    source: hosted
    version: "0.13.0"
  google_mlkit_object_detection:
    dependency: transitive
    description:
      name: google_mlkit_object_detection
      sha256: "0f740f046d74faf81d9c44cdbe4accf33888ed9f877e30efbfad4578d45ebfcd"
      url: "https://pub.dev"
    source: hosted
    version: "0.15.0"
  google_mlkit_pose_detection:
    dependency: transitive
    description:
      name: google_mlkit_pose_detection
      sha256: "5ff5fe2a325427c49c02a884a2a888d2d10cbfe414f7ebf2af9777a5155171eb"
      url: "https://pub.dev"
    source: hosted
    version: "0.14.0"
  google_mlkit_selfie_segmentation:
    dependency: transitive
    description:
      name: google_mlkit_selfie_segmentation
      sha256: e05fc255265595a0fb11cd6a6a5393f106d6ec4d3a40cbc57ff22894eef235f1
      url: "https://pub.dev"
    source: hosted
    version: "0.10.0"
  google_mlkit_smart_reply:
    dependency: transitive
    description:
      name: google_mlkit_smart_reply
      sha256: "0c3d737e46f20aa4d4953860ee5757e5250e58f90351f8e2afdeb1d609c7047e"
      url: "https://pub.dev"
    source: hosted
    version: "0.13.0"
  google_mlkit_text_recognition:
    dependency: transitive
    description:
      name: google_mlkit_text_recognition
      sha256: "96173ad4dd7fd06c660e22ac3f9e9f1798a517fe7e48bee68eeec83853224224"
      url: "https://pub.dev"
    source: hosted
    version: "0.15.0"
  google_mlkit_translation:
    dependency: transitive
    description:
      name: google_mlkit_translation
      sha256: "7287444a0abd994087a0b354dee952fcd198e57619ded4bba65496d418c9d84b"
      url: "https://pub.dev"
    source: hosted
    version: "0.13.0"
  http:
    dependency: "direct main"
    description:
      name: http
      sha256: fe7ab022b76f3034adc518fb6ea04a82387620e19977665ea18d30a1cf43442f
      url: "https://pub.dev"
    source: hosted
    version: "1.3.0"
  http_parser:
    dependency: transitive
    description:
      name: http_parser
      sha256: "178d74305e7866013777bab2c3d8726205dc5a4dd935297175b19a23a2e66571"
      url: "https://pub.dev"
    source: hosted
    version: "4.1.2"
  image:
    dependency: "direct main"
    description:
      name: image
      sha256: "4e973fcf4caae1a4be2fa0a13157aa38a8f9cb049db6529aa00b4d71abc4d928"
      url: "https://pub.dev"
    source: hosted
    version: "4.5.4"
  image_picker:
    dependency: "direct main"
    description:
      name: image_picker
      sha256: "021834d9c0c3de46bf0fe40341fa07168407f694d9b2bb18d532dc1261867f7a"
      url: "https://pub.dev"
    source: hosted
    version: "1.1.2"
  image_picker_android:
    dependency: transitive
    description:
      name: image_picker_android
      sha256: "317a5d961cec5b34e777b9252393f2afbd23084aa6e60fcf601dcf6341b9ebeb"
      url: "https://pub.dev"
    source: hosted
    version: "0.8.12+23"
  image_picker_for_web:
    dependency: transitive
    description:
      name: image_picker_for_web
      sha256: "717eb042ab08c40767684327be06a5d8dbb341fe791d514e4b92c7bbe1b7bb83"
      url: "https://pub.dev"
    source: hosted
    version: "3.0.6"
  image_picker_ios:
    dependency: transitive
    description:
      name: image_picker_ios
      sha256: "05da758e67bc7839e886b3959848aa6b44ff123ab4b28f67891008afe8ef9100"
      url: "https://pub.dev"
    source: hosted
    version: "0.8.12+2"
  image_picker_linux:
    dependency: transitive
    description:
      name: image_picker_linux
      sha256: "34a65f6740df08bbbeb0a1abd8e6d32107941fd4868f67a507b25601651022c9"
      url: "https://pub.dev"
    source: hosted
    version: "0.2.1+2"
  image_picker_macos:
    dependency: transitive
    description:
      name: image_picker_macos
      sha256: "1b90ebbd9dcf98fb6c1d01427e49a55bd96b5d67b8c67cf955d60a5de74207c1"
      url: "https://pub.dev"
    source: hosted
    version: "0.2.1+2"
  image_picker_platform_interface:
    dependency: transitive
    description:
      name: image_picker_platform_interface
      sha256: "886d57f0be73c4b140004e78b9f28a8914a09e50c2d816bdd0520051a71236a0"
      url: "https://pub.dev"
    source: hosted
    version: "2.10.1"
  image_picker_windows:
    dependency: transitive
    description:
      name: image_picker_windows
      sha256: "6ad07afc4eb1bc25f3a01084d28520496c4a3bb0cb13685435838167c9dcedeb"
      url: "https://pub.dev"
    source: hosted
    version: "0.2.1+1"
  json_annotation:
    dependency: transitive
    description:
      name: json_annotation
      sha256: cb09e7dac6210041fad964ed7fbee004f14258b4eca4040f72d1234062ace4c8
      url: "https://pub.dev"
    source: hosted
    version: "4.11.0"
  leak_tracker:
    dependency: transitive
    description:
      name: leak_tracker
      sha256: "33e2e26bdd85a0112ec15400c8cbffea70d0f9c3407491f672a2fad47915e2de"
      url: "https://pub.dev"
    source: hosted
    version: "11.0.2"
  leak_tracker_flutter_testing:
    dependency: transitive
    description:
      name: leak_tracker_flutter_testing
      sha256: "1dbc140bb5a23c75ea9c4811222756104fbcd1a27173f0c34ca01e16bea473c1"
      url: "https://pub.dev"
    source: hosted
    version: "3.0.10"
  leak_tracker_testing:
    dependency: transitive
    description:
      name: leak_tracker_testing
      sha256: "8d5a2d49f4a66b49744b23b018848400d23e54caf9463f4eb20df3eb8acb2eb1"
      url: "https://pub.dev"
    source: hosted
    version: "3.0.2"
  lints:
    dependency: transitive
    description:
      name: lints
      sha256: c35bb79562d980e9a453fc715854e1ed39e24e7d0297a880ef54e17f9874a9d7
      url: "https://pub.dev"
    source: hosted
    version: "5.1.1"
  matcher:
    dependency: transitive
    description:
      name: matcher
      sha256: dc0b7dc7651697ea4ff3e69ef44b0407ea32c487a39fff6a4004fa585e901861
      url: "https://pub.dev"
    source: hosted
    version: "0.12.19"
  material_color_utilities:
    dependency: transitive
    description:
      name: material_color_utilities
      sha256: "9c337007e82b1889149c82ed242ed1cb24a66044e30979c44912381e9be4c48b"
      url: "https://pub.dev"
    source: hosted
    version: "0.13.0"
  meta:
    dependency: transitive
    description:
      name: meta
      sha256: "23f08335362185a5ea2ad3a4e597f1375e78bce8a040df5c600c8d3552ef2394"
      url: "https://pub.dev"
    source: hosted
    version: "1.17.0"
  mime:
    dependency: transitive
    description:
      name: mime
      sha256: "41a20518f0cb1256669420fdba0cd90d21561e560ac240f26ef8322e45bb7ed6"
      url: "https://pub.dev"
    source: hosted
    version: "2.0.0"
  nested:
    dependency: transitive
    description:
      name: nested
      sha256: "03bac4c528c64c95c722ec99280375a6f2fc708eec17c7b3f07253b626cd2a20"
      url: "https://pub.dev"
    source: hosted
    version: "1.0.0"
  path:
    dependency: "direct main"
    description:
      name: path
      sha256: "75cca69d1490965be98c73ceaea117e8a04dd21217b37b292c9ddbec0d955bc5"
      url: "https://pub.dev"
    source: hosted
    version: "1.9.1"
  path_provider:
    dependency: "direct main"
    description:
      name: path_provider
      sha256: "50c5dd5b6e1aaf6fb3a78b33f6aa3afca52bf903a8a5298f53101fdaee55bbcd"
      url: "https://pub.dev"
    source: hosted
    version: "2.1.5"
  path_provider_android:
    dependency: transitive
    description:
      name: path_provider_android
      sha256: d0d310befe2c8ab9e7f393288ccbb11b60c019c6b5afc21973eeee4dda2b35e9
      url: "https://pub.dev"
    source: hosted
    version: "2.2.17"
  path_provider_foundation:
    dependency: transitive
    description:
      name: path_provider_foundation
      sha256: "4843174df4d288f5e29185bd6e72a6fbdf5a4a4602717eed565497429f179942"
      url: "https://pub.dev"
    source: hosted
    version: "2.4.1"
  path_provider_linux:
    dependency: transitive
    description:
      name: path_provider_linux
      sha256: f7a1fe3a634fe7734c8d3f2766ad746ae2a2884abe22e241a8b301bf5cac3279
      url: "https://pub.dev"
    source: hosted
    version: "2.2.1"
  path_provider_platform_interface:
    dependency: transitive
    description:
      name: path_provider_platform_interface
      sha256: "88f5779f72ba699763fa3a3b06aa4bf6de76c8e5de842cf6f29e2e06476c2334"
      url: "https://pub.dev"
    source: hosted
    version: "2.1.2"
  path_provider_windows:
    dependency: transitive
    description:
      name: path_provider_windows
      sha256: bd6f00dbd873bfb70d0761682da2b3a2c2fccc2b9e84c495821639601d81afe7
      url: "https://pub.dev"
    source: hosted
    version: "2.3.0"
  pedantic:
    dependency: transitive
    description:
      name: pedantic
      sha256: "67fc27ed9639506c856c840ccce7594d0bdcd91bc8d53d6e52359449a1d50602"
      url: "https://pub.dev"
    source: hosted
    version: "1.11.1"
  permission_handler:
    dependency: "direct main"
    description:
      name: permission_handler
      sha256: "2d070d8684b68efb580a5997eb62f675e8a885ef0be6e754fb9ef489c177470f"
      url: "https://pub.dev"
    source: hosted
    version: "12.0.0+1"
  permission_handler_android:
    dependency: transitive
    description:
      name: permission_handler_android
      sha256: "1e3bc410ca1bf84662104b100eb126e066cb55791b7451307f9708d4007350e6"
      url: "https://pub.dev"
    source: hosted
    version: "13.0.1"
  permission_handler_apple:
    dependency: transitive
    description:
      name: permission_handler_apple
      sha256: f000131e755c54cf4d84a5d8bd6e4149e262cc31c5a8b1d698de1ac85fa41023
      url: "https://pub.dev"
    source: hosted
    version: "9.4.7"
  permission_handler_html:
    dependency: transitive
    description:
      name: permission_handler_html
      sha256: "38f000e83355abb3392140f6bc3030660cfaef189e1f87824facb76300b4ff24"
      url: "https://pub.dev"
    source: hosted
    version: "0.1.3+5"
  permission_handler_platform_interface:
    dependency: transitive
    description:
      name: permission_handler_platform_interface
      sha256: eb99b295153abce5d683cac8c02e22faab63e50679b937fa1bf67d58bb282878
      url: "https://pub.dev"
    source: hosted
    version: "4.3.0"
  permission_handler_windows:
    dependency: transitive
    description:
      name: permission_handler_windows
      sha256: "1a790728016f79a41216d88672dbc5df30e686e811ad4e698bfc51f76ad91f1e"
      url: "https://pub.dev"
    source: hosted
    version: "0.2.1"
  petitparser:
    dependency: transitive
    description:
      name: petitparser
      sha256: "07c8f0b1913bcde1ff0d26e57ace2f3012ccbf2b204e070290dad3bb22797646"
      url: "https://pub.dev"
    source: hosted
    version: "6.1.0"
  platform:
    dependency: transitive
    description:
      name: platform
      sha256: "5d6b1b0036a5f331ebc77c850ebc8506cbc1e9416c27e59b439f917a902a4984"
      url: "https://pub.dev"
    source: hosted
    version: "3.1.6"
  plugin_platform_interface:
    dependency: transitive
    description:
      name: plugin_platform_interface
      sha256: "4820fbfdb9478b1ebae27888254d445073732dae3d6ea81f0b7e06d5dedc3f02"
      url: "https://pub.dev"
    source: hosted
    version: "2.1.8"
  posix:
    dependency: transitive
    description:
      name: posix
      sha256: f0d7856b6ca1887cfa6d1d394056a296ae33489db914e365e2044fdada449e62
      url: "https://pub.dev"
    source: hosted
    version: "6.0.2"
  provider:
    dependency: "direct main"
    description:
      name: provider
      sha256: "4abbd070a04e9ddc287673bf5a030c7ca8b685ff70218720abab8b092f53dd84"
      url: "https://pub.dev"
    source: hosted
    version: "6.1.5"
  record:
    dependency: "direct main"
    description:
      name: record
      sha256: d5b6b334f3ab02460db6544e08583c942dbf23e3504bf1e14fd4cbe3d9409277
      url: "https://pub.dev"
    source: hosted
    version: "6.2.0"
  record_android:
    dependency: transitive
    description:
      name: record_android
      sha256: "94783f08403aed33ffb68797bf0715b0812eb852f3c7985644c945faea462ba1"
      url: "https://pub.dev"
    source: hosted
    version: "1.5.1"
  record_ios:
    dependency: transitive
    description:
      name: record_ios
      sha256: "8df7c136131bd05efc19256af29b2ba6ccc000ccc2c80d4b6b6d7a8d21a3b5a9"
      url: "https://pub.dev"
    source: hosted
    version: "1.2.0"
  record_linux:
    dependency: transitive
    description:
      name: record_linux
      sha256: c31a35cc158cd666fc6395f7f56fc054f31685571684be6b97670a27649ce5c7
      url: "https://pub.dev"
    source: hosted
    version: "1.3.0"
  record_macos:
    dependency: transitive
    description:
      name: record_macos
      sha256: "084902e63fc9c0c224c29203d6c75f0bdf9b6a40536c9d916393c8f4c4256488"
      url: "https://pub.dev"
    source: hosted
    version: "1.2.1"
  record_platform_interface:
    dependency: transitive
    description:
      name: record_platform_interface
      sha256: "8a81dbc4e14e1272a285bbfef6c9136d070a47d9b0d1f40aa6193516253ee2f6"
      url: "https://pub.dev"
    source: hosted
    version: "1.5.0"
  record_web:
    dependency: transitive
    description:
      name: record_web
      sha256: "7e9846981c1f2d111d86f0ae3309071f5bba8b624d1c977316706f08fc31d16d"
      url: "https://pub.dev"
    source: hosted
    version: "1.3.0"
  record_windows:
    dependency: transitive
    description:
      name: record_windows
      sha256: "223258060a1d25c62bae18282c16783f28581ec19401d17e56b5205b9f039d78"
      url: "https://pub.dev"
    source: hosted
    version: "1.0.7"
  shared_preferences:
    dependency: "direct main"
    description:
      name: shared_preferences
      sha256: "6e8bf70b7fef813df4e9a36f658ac46d107db4b4cfe1048b477d4e453a8159f5"
      url: "https://pub.dev"
    source: hosted
    version: "2.5.3"
  shared_preferences_android:
    dependency: transitive
    description:
      name: shared_preferences_android
      sha256: "20cbd561f743a342c76c151d6ddb93a9ce6005751e7aa458baad3858bfbfb6ac"
      url: "https://pub.dev"
    source: hosted
    version: "2.4.10"
  shared_preferences_foundation:
    dependency: transitive
    description:
      name: shared_preferences_foundation
      sha256: "6a52cfcdaeac77cad8c97b539ff688ccfc458c007b4db12be584fbe5c0e49e03"
      url: "https://pub.dev"
    source: hosted
    version: "2.5.4"
  shared_preferences_linux:
    dependency: transitive
    description:
      name: shared_preferences_linux
      sha256: "580abfd40f415611503cae30adf626e6656dfb2f0cee8f465ece7b6defb40f2f"
      url: "https://pub.dev"
    source: hosted
    version: "2.4.1"
  shared_preferences_platform_interface:
    dependency: transitive
    description:
      name: shared_preferences_platform_interface
      sha256: "57cbf196c486bc2cf1f02b85784932c6094376284b3ad5779d1b1c6c6a816b80"
      url: "https://pub.dev"
    source: hosted
    version: "2.4.1"
  shared_preferences_web:
    dependency: transitive
    description:
      name: shared_preferences_web
      sha256: c49bd060261c9a3f0ff445892695d6212ff603ef3115edbb448509d407600019
      url: "https://pub.dev"
    source: hosted
    version: "2.4.3"
  shared_preferences_windows:
    dependency: transitive
    description:
      name: shared_preferences_windows
      sha256: "94ef0f72b2d71bc3e700e025db3710911bd51a71cefb65cc609dd0d9a982e3c1"
      url: "https://pub.dev"
    source: hosted
    version: "2.4.1"
  sherpa_onnx:
    dependency: "direct main"
    description:
      name: sherpa_onnx
      sha256: "8a5acaeffe9ee22b266141d62d5bc3a5fa1fbef8523d87ba30ab12f6c3673144"
      url: "https://pub.dev"
    source: hosted
    version: "1.13.1"
  sherpa_onnx_android_arm64:
    dependency: transitive
    description:
      name: sherpa_onnx_android_arm64
      sha256: "1c73d5b8299e2d92a432a96302d5cd28c62fc9a1e20f67bda91ad9cc35bea630"
      url: "https://pub.dev"
    source: hosted
    version: "1.13.1"
  sherpa_onnx_android_armeabi:
    dependency: transitive
    description:
      name: sherpa_onnx_android_armeabi
      sha256: bc05854d2905f01934796cdd992f5c821473bedfd10249e11fed589ebb3ac2bd
      url: "https://pub.dev"
    source: hosted
    version: "1.13.1"
  sherpa_onnx_android_x86:
    dependency: transitive
    description:
      name: sherpa_onnx_android_x86
      sha256: fad5e4036d9651cfcc40f97a7987e1d338f88795e6b3734a9a7bd57a727a5295
      url: "https://pub.dev"
    source: hosted
    version: "1.13.1"
  sherpa_onnx_android_x86_64:
    dependency: transitive
    description:
      name: sherpa_onnx_android_x86_64
      sha256: "971d059bffcf8b599f367df8890a689dc6ae0776af97e83d271533cb5bf22cf0"
      url: "https://pub.dev"
    source: hosted
    version: "1.13.1"
  sherpa_onnx_ios:
    dependency: transitive
    description:
      name: sherpa_onnx_ios
      sha256: "844ccd34c211e0a6e0df0d44286e569943339d79bc775c929b0a9b4c63c167fc"
      url: "https://pub.dev"
    source: hosted
    version: "1.13.1"
  sherpa_onnx_linux:
    dependency: transitive
    description:
      name: sherpa_onnx_linux
      sha256: fda986b4a3ef94c859e2be224c331946a9641678e66ac617086f4ee5ad95a121
      url: "https://pub.dev"
    source: hosted
    version: "1.13.1"
  sherpa_onnx_macos:
    dependency: transitive
    description:
      name: sherpa_onnx_macos
      sha256: bb7052f9111701d42f97224fd5b13b22095e8b3f969af3d245590f6645a7e86f
      url: "https://pub.dev"
    source: hosted
    version: "1.13.1"
  sherpa_onnx_windows:
    dependency: transitive
    description:
      name: sherpa_onnx_windows
      sha256: ad5949bfa1e650cb3800a162e82361dd115ef9401d97d09b62185f509bdbc6b0
      url: "https://pub.dev"
    source: hosted
    version: "1.13.1"
  sky_engine:
    dependency: transitive
    description: flutter
    source: sdk
    version: "0.0.0"
  source_span:
    dependency: transitive
    description:
      name: source_span
      sha256: "254ee5351d6cb365c859e20ee823c3bb479bf4a293c22d17a9f1bf144ce86f7c"
      url: "https://pub.dev"
    source: hosted
    version: "1.10.1"
  speech_to_text:
    dependency: "direct main"
    description:
      name: speech_to_text
      sha256: c07557664974afa061f221d0d4186935bea4220728ea9446702825e8b988db04
      url: "https://pub.dev"
    source: hosted
    version: "7.3.0"
  speech_to_text_platform_interface:
    dependency: transitive
    description:
      name: speech_to_text_platform_interface
      sha256: a1935847704e41ee468aad83181ddd2423d0833abe55d769c59afca07adb5114
      url: "https://pub.dev"
    source: hosted
    version: "2.3.0"
  speech_to_text_windows:
    dependency: transitive
    description:
      name: speech_to_text_windows
      sha256: "2c9846d18253c7bbe059a276297ef9f27e8a2745dead32192525beb208195072"
      url: "https://pub.dev"
    source: hosted
    version: "1.0.0+beta.8"
  stack_trace:
    dependency: transitive
    description:
      name: stack_trace
      sha256: "8b27215b45d22309b5cddda1aa2b19bdfec9df0e765f2de506401c071d38d1b1"
      url: "https://pub.dev"
    source: hosted
    version: "1.12.1"
  stream_channel:
    dependency: transitive
    description:
      name: stream_channel
      sha256: "969e04c80b8bcdf826f8f16579c7b14d780458bd97f56d107d3950fdbeef059d"
      url: "https://pub.dev"
    source: hosted
    version: "2.1.4"
  stream_transform:
    dependency: transitive
    description:
      name: stream_transform
      sha256: ad47125e588cfd37a9a7f86c7d6356dde8dfe89d071d293f80ca9e9273a33871
      url: "https://pub.dev"
    source: hosted
    version: "2.1.1"
  string_scanner:
    dependency: transitive
    description:
      name: string_scanner
      sha256: "921cd31725b72fe181906c6a94d987c78e3b98c2e205b397ea399d4054872b43"
      url: "https://pub.dev"
    source: hosted
    version: "1.4.1"
  synchronized:
    dependency: transitive
    description:
      name: synchronized
      sha256: "63896c27e81b28f8cb4e69ead0d3e8f03f1d1e5fc531a3e579cabed6a2c7c9e5"
      url: "https://pub.dev"
    source: hosted
    version: "3.4.0+1"
  term_glyph:
    dependency: transitive
    description:
      name: term_glyph
      sha256: "7f554798625ea768a7518313e58f83891c7f5024f88e46e7182a4558850a4b8e"
      url: "https://pub.dev"
    source: hosted
    version: "1.2.2"
  test_api:
    dependency: transitive
    description:
      name: test_api
      sha256: "8161c84903fd860b26bfdefb7963b3f0b68fee7adea0f59ef805ecca346f0c7a"
      url: "https://pub.dev"
    source: hosted
    version: "0.7.10"
  typed_data:
    dependency: transitive
    description:
      name: typed_data
      sha256: f9049c039ebfeb4cf7a7104a675823cd72dba8297f264b6637062516699fa006
      url: "https://pub.dev"
    source: hosted
    version: "1.4.0"
  uuid:
    dependency: transitive
    description:
      name: uuid
      sha256: "1fef9e8e11e2991bb773070d4656b7bd5d850967a2456cfc83cf47925ba79489"
      url: "https://pub.dev"
    source: hosted
    version: "4.5.3"
  vector_math:
    dependency: transitive
    description:
      name: vector_math
      sha256: d530bd74fea330e6e364cda7a85019c434070188383e1cd8d9777ee586914c5b
      url: "https://pub.dev"
    source: hosted
    version: "2.2.0"
  vm_service:
    dependency: transitive
    description:
      name: vm_service
      sha256: "0968250880a6c5fe7edc067ed0a13d4bae1577fe2771dcf3010d52c4a9d3ca14"
      url: "https://pub.dev"
    source: hosted
    version: "14.3.1"
  web:
    dependency: transitive
    description:
      name: web
      sha256: "868d88a33d8a87b18ffc05f9f030ba328ffefba92d6c127917a2ba740f9cfe4a"
      url: "https://pub.dev"
    source: hosted
    version: "1.1.1"
  xdg_directories:
    dependency: transitive
    description:
      name: xdg_directories
      sha256: "7a3f37b05d989967cdddcbb571f1ea834867ae2faa29725fd085180e0883aa15"
      url: "https://pub.dev"
    source: hosted
    version: "1.1.0"
  xml:
    dependency: transitive
    description:
      name: xml
      sha256: b015a8ad1c488f66851d762d3090a21c600e479dc75e68328c52774040cf9226
      url: "https://pub.dev"
    source: hosted
    version: "6.5.0"
sdks:
  dart: ">=3.11.0 <4.0.0"
  flutter: ">=3.27.0"
